
Microsoft Visual Studio Solution File, Format Version 12.00
# Visual Studio 15
VisualStudioVersion = 15.0.27428.2027
MinimumVisualStudioVersion = 10.0.40219.1
Project("{FAE04EC0-301F-11D3-BF4B-00C04F79EFBC}") = "WbeForm", "WbeForm\WbeForm.csproj", "{A8F67D60-AE6F-4856-9575-B1BA07AB06F5}"
EndProject
Global
	GlobalSection(SolutionConfigurationPlatforms) = preSolution
		Debug|Any CPU = Debug|Any CPU
		Release|Any CPU = Release|Any CPU
	EndGlobalSection
	GlobalSection(ProjectConfigurationPlatforms) = postSolution
		{A8F67D60-AE6F-4856-9575-B1BA07AB06F5}.Debug|Any CPU.ActiveCfg = Debug|Any CPU
		{A8F67D60-AE6F-4856-9575-B1BA07AB06F5}.Debug|Any CPU.Build.0 = Debug|Any CPU
		{A8F67D60-AE6F-4856-9575-B1BA07AB06F5}.Release|Any CPU.ActiveCfg = Release|Any CPU
		{A8F67D60-AE6F-4856-9575-B1BA07AB06F5}.Release|Any CPU.Build.0 = Release|Any CPU
	EndGlobalSection
	GlobalSection(SolutionProperties) = preSolution
		HideSolutionNode = FALSE
	EndGlobalSection
	GlobalSection(ExtensibilityGlobals) = postSolution
		SolutionGuid = {03DE311C-8999-45F6-AE5D-33502700D722}
	EndGlobalSection
EndGlobal
